// !$*UTF8*$!
{
	archiveVersion = 1;
	classes = {
	};
	objectVersion = 46;
	objects = {

/* Begin PBXBuildFile section */
		D32A50041F3C5E0400C3ADD0 /* ZPTCPIPStack.h in Headers */ = {isa = PBXBuildFile; fileRef = D32A50021F3C5E0400C3ADD0 /* ZPTCPIPStack.h */; settings = {ATTRIBUTES = (Public, ); }; };
		D32A50BC1F3C603A00C3ADD0 /* def.c in Sources */ = {isa = PBXBuildFile; fileRef = D32A500C1F3C603A00C3ADD0 /* def.c */; };
		D32A50BE1F3C603A00C3ADD0 /* inet_chksum.c in Sources */ = {isa = PBXBuildFile; fileRef = D32A500E1F3C603A00C3ADD0 /* inet_chksum.c */; };
		D32A50BF1F3C603A00C3ADD0 /* init.c in Sources */ = {isa = PBXBuildFile; fileRef = D32A500F1F3C603A00C3ADD0 /* init.c */; };
		D32A50C01F3C603A00C3ADD0 /* ip.c in Sources */ = {isa = PBXBuildFile; fileRef = D32A50101F3C603A00C3ADD0 /* ip.c */; };
		D32A50C11F3C603A00C3ADD0 /* autoip.c in Sources */ = {isa = PBXBuildFile; fileRef = D32A50121F3C603A00C3ADD0 /* autoip.c */; };
		D32A50C21F3C603A00C3ADD0 /* dhcp.c in Sources */ = {isa = PBXBuildFile; fileRef = D32A50131F3C603A00C3ADD0 /* dhcp.c */; };
		D32A50C31F3C603A00C3ADD0 /* etharp.c in Sources */ = {isa = PBXBuildFile; fileRef = D32A50141F3C603A00C3ADD0 /* etharp.c */; };
		D32A50C41F3C603A00C3ADD0 /* icmp.c in Sources */ = {isa = PBXBuildFile; fileRef = D32A50151F3C603A00C3ADD0 /* icmp.c */; };
		D32A50C51F3C603A00C3ADD0 /* igmp.c in Sources */ = {isa = PBXBuildFile; fileRef = D32A50161F3C603A00C3ADD0 /* igmp.c */; };
		D32A50C61F3C603A00C3ADD0 /* ip4.c in Sources */ = {isa = PBXBuildFile; fileRef = D32A50171F3C603A00C3ADD0 /* ip4.c */; };
		D32A50C71F3C603A00C3ADD0 /* ip4_addr.c in Sources */ = {isa = PBXBuildFile; fileRef = D32A50181F3C603A00C3ADD0 /* ip4_addr.c */; };
		D32A50C81F3C603A00C3ADD0 /* ip4_frag.c in Sources */ = {isa = PBXBuildFile; fileRef = D32A50191F3C603A00C3ADD0 /* ip4_frag.c */; };
		D32A50C91F3C603A00C3ADD0 /* dhcp6.c in Sources */ = {isa = PBXBuildFile; fileRef = D32A501B1F3C603A00C3ADD0 /* dhcp6.c */; };
		D32A50CA1F3C603A00C3ADD0 /* ethip6.c in Sources */ = {isa = PBXBuildFile; fileRef = D32A501C1F3C603A00C3ADD0 /* ethip6.c */; };
		D32A50CB1F3C603A00C3ADD0 /* icmp6.c in Sources */ = {isa = PBXBuildFile; fileRef = D32A501D1F3C603A00C3ADD0 /* icmp6.c */; };
		D32A50CC1F3C603A00C3ADD0 /* inet6.c in Sources */ = {isa = PBXBuildFile; fileRef = D32A501E1F3C603A00C3ADD0 /* inet6.c */; };
		D32A50CD1F3C603A00C3ADD0 /* ip6.c in Sources */ = {isa = PBXBuildFile; fileRef = D32A501F1F3C603A00C3ADD0 /* ip6.c */; };
		D32A50CE1F3C603A00C3ADD0 /* ip6_addr.c in Sources */ = {isa = PBXBuildFile; fileRef = D32A50201F3C603A00C3ADD0 /* ip6_addr.c */; };
		D32A50CF1F3C603A00C3ADD0 /* ip6_frag.c in Sources */ = {isa = PBXBuildFile; fileRef = D32A50211F3C603A00C3ADD0 /* ip6_frag.c */; };
		D32A50D01F3C603A00C3ADD0 /* mld6.c in Sources */ = {isa = PBXBuildFile; fileRef = D32A50221F3C603A00C3ADD0 /* mld6.c */; };
		D32A50D11F3C603A00C3ADD0 /* nd6.c in Sources */ = {isa = PBXBuildFile; fileRef = D32A50231F3C603A00C3ADD0 /* nd6.c */; };
		D32A50D21F3C603A00C3ADD0 /* mem.c in Sources */ = {isa = PBXBuildFile; fileRef = D32A50241F3C603A00C3ADD0 /* mem.c */; };
		D32A50D31F3C603A00C3ADD0 /* memp.c in Sources */ = {isa = PBXBuildFile; fileRef = D32A50251F3C603A00C3ADD0 /* memp.c */; };
		D32A50D41F3C603A00C3ADD0 /* netif.c in Sources */ = {isa = PBXBuildFile; fileRef = D32A50261F3C603A00C3ADD0 /* netif.c */; };
		D32A50D51F3C603A00C3ADD0 /* pbuf.c in Sources */ = {isa = PBXBuildFile; fileRef = D32A50271F3C603A00C3ADD0 /* pbuf.c */; };
		D32A50D71F3C603A00C3ADD0 /* stats.c in Sources */ = {isa = PBXBuildFile; fileRef = D32A50291F3C603A00C3ADD0 /* stats.c */; };
		D32A50D81F3C603A00C3ADD0 /* sys.c in Sources */ = {isa = PBXBuildFile; fileRef = D32A502A1F3C603A00C3ADD0 /* sys.c */; };
		D32A50D91F3C603A00C3ADD0 /* tcp.c in Sources */ = {isa = PBXBuildFile; fileRef = D32A502B1F3C603A00C3ADD0 /* tcp.c */; };
		D32A50DA1F3C603A00C3ADD0 /* tcp_in.c in Sources */ = {isa = PBXBuildFile; fileRef = D32A502C1F3C603A00C3ADD0 /* tcp_in.c */; };
		D32A50DB1F3C603A00C3ADD0 /* tcp_out.c in Sources */ = {isa = PBXBuildFile; fileRef = D32A502D1F3C603A00C3ADD0 /* tcp_out.c */; };
		D32A50DC1F3C603A00C3ADD0 /* timeouts.c in Sources */ = {isa = PBXBuildFile; fileRef = D32A502E1F3C603A00C3ADD0 /* timeouts.c */; };
		D32A50DD1F3C603A00C3ADD0 /* udp.c in Sources */ = {isa = PBXBuildFile; fileRef = D32A502F1F3C603A00C3ADD0 /* udp.c */; };
		D32A50DE1F3C603A00C3ADD0 /* cc.h in Headers */ = {isa = PBXBuildFile; fileRef = D32A50321F3C603A00C3ADD0 /* cc.h */; };
		D32A50E01F3C603A00C3ADD0 /* fs.h in Headers */ = {isa = PBXBuildFile; fileRef = D32A50361F3C603A00C3ADD0 /* fs.h */; };
		D32A50E11F3C603A00C3ADD0 /* httpd.h in Headers */ = {isa = PBXBuildFile; fileRef = D32A50371F3C603A00C3ADD0 /* httpd.h */; };
		D32A50E21F3C603A00C3ADD0 /* httpd_opts.h in Headers */ = {isa = PBXBuildFile; fileRef = D32A50381F3C603A00C3ADD0 /* httpd_opts.h */; };
		D32A50E31F3C603A00C3ADD0 /* lwiperf.h in Headers */ = {isa = PBXBuildFile; fileRef = D32A50391F3C603A00C3ADD0 /* lwiperf.h */; };
		D32A50E41F3C603A00C3ADD0 /* mdns.h in Headers */ = {isa = PBXBuildFile; fileRef = D32A503A1F3C603A00C3ADD0 /* mdns.h */; };
		D32A50E51F3C603A00C3ADD0 /* mdns_opts.h in Headers */ = {isa = PBXBuildFile; fileRef = D32A503B1F3C603A00C3ADD0 /* mdns_opts.h */; };
		D32A50E61F3C603A00C3ADD0 /* mdns_priv.h in Headers */ = {isa = PBXBuildFile; fileRef = D32A503C1F3C603A00C3ADD0 /* mdns_priv.h */; };
		D32A50E71F3C603A00C3ADD0 /* mqtt.h in Headers */ = {isa = PBXBuildFile; fileRef = D32A503D1F3C603A00C3ADD0 /* mqtt.h */; };
		D32A50E81F3C603A00C3ADD0 /* mqtt_opts.h in Headers */ = {isa = PBXBuildFile; fileRef = D32A503E1F3C603A00C3ADD0 /* mqtt_opts.h */; };
		D32A50E91F3C603A00C3ADD0 /* netbiosns.h in Headers */ = {isa = PBXBuildFile; fileRef = D32A503F1F3C603A00C3ADD0 /* netbiosns.h */; };
		D32A50EA1F3C603A00C3ADD0 /* netbiosns_opts.h in Headers */ = {isa = PBXBuildFile; fileRef = D32A50401F3C603A00C3ADD0 /* netbiosns_opts.h */; };
		D32A50EB1F3C603A00C3ADD0 /* snmp.h in Headers */ = {isa = PBXBuildFile; fileRef = D32A50411F3C603A00C3ADD0 /* snmp.h */; };
		D32A50EC1F3C603A00C3ADD0 /* snmp_core.h in Headers */ = {isa = PBXBuildFile; fileRef = D32A50421F3C603A00C3ADD0 /* snmp_core.h */; };
		D32A50ED1F3C603A00C3ADD0 /* snmp_mib2.h in Headers */ = {isa = PBXBuildFile; fileRef = D32A50431F3C603A00C3ADD0 /* snmp_mib2.h */; };
		D32A50EE1F3C603A00C3ADD0 /* snmp_opts.h in Headers */ = {isa = PBXBuildFile; fileRef = D32A50441F3C603A00C3ADD0 /* snmp_opts.h */; };
		D32A50EF1F3C603A00C3ADD0 /* snmp_scalar.h in Headers */ = {isa = PBXBuildFile; fileRef = D32A50451F3C603A00C3ADD0 /* snmp_scalar.h */; };
		D32A50F01F3C603A00C3ADD0 /* snmp_table.h in Headers */ = {isa = PBXBuildFile; fileRef = D32A50461F3C603A00C3ADD0 /* snmp_table.h */; };
		D32A50F11F3C603A00C3ADD0 /* snmp_threadsync.h in Headers */ = {isa = PBXBuildFile; fileRef = D32A50471F3C603A00C3ADD0 /* snmp_threadsync.h */; };
		D32A50F21F3C603A00C3ADD0 /* snmpv3.h in Headers */ = {isa = PBXBuildFile; fileRef = D32A50481F3C603A00C3ADD0 /* snmpv3.h */; };
		D32A50F31F3C603A00C3ADD0 /* sntp.h in Headers */ = {isa = PBXBuildFile; fileRef = D32A50491F3C603A00C3ADD0 /* sntp.h */; };
		D32A50F41F3C603A00C3ADD0 /* sntp_opts.h in Headers */ = {isa = PBXBuildFile; fileRef = D32A504A1F3C603A00C3ADD0 /* sntp_opts.h */; };
		D32A50F51F3C603A00C3ADD0 /* tftp_opts.h in Headers */ = {isa = PBXBuildFile; fileRef = D32A504B1F3C603A00C3ADD0 /* tftp_opts.h */; };
		D32A50F61F3C603A00C3ADD0 /* tftp_server.h in Headers */ = {isa = PBXBuildFile; fileRef = D32A504C1F3C603A00C3ADD0 /* tftp_server.h */; };
		D32A50F71F3C603A00C3ADD0 /* arch.h in Headers */ = {isa = PBXBuildFile; fileRef = D32A504D1F3C603A00C3ADD0 /* arch.h */; };
		D32A50F81F3C603A00C3ADD0 /* autoip.h in Headers */ = {isa = PBXBuildFile; fileRef = D32A504E1F3C603A00C3ADD0 /* autoip.h */; };
		D32A50F91F3C603A00C3ADD0 /* debug.h in Headers */ = {isa = PBXBuildFile; fileRef = D32A504F1F3C603A00C3ADD0 /* debug.h */; };
		D32A50FA1F3C603A00C3ADD0 /* def.h in Headers */ = {isa = PBXBuildFile; fileRef = D32A50501F3C603A00C3ADD0 /* def.h */; };
		D32A50FB1F3C603A00C3ADD0 /* dhcp.h in Headers */ = {isa = PBXBuildFile; fileRef = D32A50511F3C603A00C3ADD0 /* dhcp.h */; };
		D32A50FC1F3C603A00C3ADD0 /* dhcp6.h in Headers */ = {isa = PBXBuildFile; fileRef = D32A50521F3C603A00C3ADD0 /* dhcp6.h */; };
		D32A50FE1F3C603A00C3ADD0 /* err.h in Headers */ = {isa = PBXBuildFile; fileRef = D32A50541F3C603A00C3ADD0 /* err.h */; };
		D32A50FF1F3C603A00C3ADD0 /* errno.h in Headers */ = {isa = PBXBuildFile; fileRef = D32A50551F3C603A00C3ADD0 /* errno.h */; };
		D32A51001F3C603A00C3ADD0 /* etharp.h in Headers */ = {isa = PBXBuildFile; fileRef = D32A50561F3C603A00C3ADD0 /* etharp.h */; };
		D32A51011F3C603A00C3ADD0 /* ethip6.h in Headers */ = {isa = PBXBuildFile; fileRef = D32A50571F3C603A00C3ADD0 /* ethip6.h */; };
		D32A51021F3C603A00C3ADD0 /* icmp.h in Headers */ = {isa = PBXBuildFile; fileRef = D32A50581F3C603A00C3ADD0 /* icmp.h */; };
		D32A51031F3C603A00C3ADD0 /* icmp6.h in Headers */ = {isa = PBXBuildFile; fileRef = D32A50591F3C603A00C3ADD0 /* icmp6.h */; };
		D32A51041F3C603A00C3ADD0 /* igmp.h in Headers */ = {isa = PBXBuildFile; fileRef = D32A505A1F3C603A00C3ADD0 /* igmp.h */; };
		D32A51051F3C603A00C3ADD0 /* inet.h in Headers */ = {isa = PBXBuildFile; fileRef = D32A505B1F3C603A00C3ADD0 /* inet.h */; };
		D32A51061F3C603A00C3ADD0 /* inet_chksum.h in Headers */ = {isa = PBXBuildFile; fileRef = D32A505C1F3C603A00C3ADD0 /* inet_chksum.h */; };
		D32A51071F3C603A00C3ADD0 /* init.h in Headers */ = {isa = PBXBuildFile; fileRef = D32A505D1F3C603A00C3ADD0 /* init.h */; };
		D32A51081F3C603A00C3ADD0 /* ip.h in Headers */ = {isa = PBXBuildFile; fileRef = D32A505E1F3C603A00C3ADD0 /* ip.h */; };
		D32A51091F3C603A00C3ADD0 /* ip4.h in Headers */ = {isa = PBXBuildFile; fileRef = D32A505F1F3C603A00C3ADD0 /* ip4.h */; };
		D32A510A1F3C603A00C3ADD0 /* ip4_addr.h in Headers */ = {isa = PBXBuildFile; fileRef = D32A50601F3C603A00C3ADD0 /* ip4_addr.h */; };
		D32A510B1F3C603A00C3ADD0 /* ip4_frag.h in Headers */ = {isa = PBXBuildFile; fileRef = D32A50611F3C603A00C3ADD0 /* ip4_frag.h */; };
		D32A510C1F3C603A00C3ADD0 /* ip6.h in Headers */ = {isa = PBXBuildFile; fileRef = D32A50621F3C603A00C3ADD0 /* ip6.h */; };
		D32A510D1F3C603A00C3ADD0 /* ip6_addr.h in Headers */ = {isa = PBXBuildFile; fileRef = D32A50631F3C603A00C3ADD0 /* ip6_addr.h */; };
		D32A510E1F3C603A00C3ADD0 /* ip6_frag.h in Headers */ = {isa = PBXBuildFile; fileRef = D32A50641F3C603A00C3ADD0 /* ip6_frag.h */; };
		D32A510F1F3C603A00C3ADD0 /* ip_addr.h in Headers */ = {isa = PBXBuildFile; fileRef = D32A50651F3C603A00C3ADD0 /* ip_addr.h */; };
		D32A51101F3C603A00C3ADD0 /* mem.h in Headers */ = {isa = PBXBuildFile; fileRef = D32A50661F3C603A00C3ADD0 /* mem.h */; };
		D32A51111F3C603A00C3ADD0 /* memp.h in Headers */ = {isa = PBXBuildFile; fileRef = D32A50671F3C603A00C3ADD0 /* memp.h */; };
		D32A51121F3C603A00C3ADD0 /* mld6.h in Headers */ = {isa = PBXBuildFile; fileRef = D32A50681F3C603A00C3ADD0 /* mld6.h */; };
		D32A51131F3C603A00C3ADD0 /* nd6.h in Headers */ = {isa = PBXBuildFile; fileRef = D32A50691F3C603A00C3ADD0 /* nd6.h */; };
		D32A51161F3C603A00C3ADD0 /* netif.h in Headers */ = {isa = PBXBuildFile; fileRef = D32A506C1F3C603A00C3ADD0 /* netif.h */; };
		D32A51181F3C603A00C3ADD0 /* opt.h in Headers */ = {isa = PBXBuildFile; fileRef = D32A506E1F3C603A00C3ADD0 /* opt.h */; };
		D32A51191F3C603A00C3ADD0 /* pbuf.h in Headers */ = {isa = PBXBuildFile; fileRef = D32A506F1F3C603A00C3ADD0 /* pbuf.h */; };
		D32A511B1F3C603A00C3ADD0 /* memp_priv.h in Headers */ = {isa = PBXBuildFile; fileRef = D32A50721F3C603A00C3ADD0 /* memp_priv.h */; };
		D32A511C1F3C603A00C3ADD0 /* memp_std.h in Headers */ = {isa = PBXBuildFile; fileRef = D32A50731F3C603A00C3ADD0 /* memp_std.h */; };
		D32A511D1F3C603A00C3ADD0 /* nd6_priv.h in Headers */ = {isa = PBXBuildFile; fileRef = D32A50741F3C603A00C3ADD0 /* nd6_priv.h */; };
		D32A511E1F3C603A00C3ADD0 /* tcp_priv.h in Headers */ = {isa = PBXBuildFile; fileRef = D32A50751F3C603A00C3ADD0 /* tcp_priv.h */; };
		D32A51201F3C603A00C3ADD0 /* autoip.h in Headers */ = {isa = PBXBuildFile; fileRef = D32A50781F3C603A00C3ADD0 /* autoip.h */; };
		D32A51211F3C603A00C3ADD0 /* dhcp.h in Headers */ = {isa = PBXBuildFile; fileRef = D32A50791F3C603A00C3ADD0 /* dhcp.h */; };
		D32A51231F3C603A00C3ADD0 /* etharp.h in Headers */ = {isa = PBXBuildFile; fileRef = D32A507B1F3C603A00C3ADD0 /* etharp.h */; };
		D32A51241F3C603A00C3ADD0 /* ethernet.h in Headers */ = {isa = PBXBuildFile; fileRef = D32A507C1F3C603A00C3ADD0 /* ethernet.h */; };
		D32A51251F3C603A00C3ADD0 /* icmp.h in Headers */ = {isa = PBXBuildFile; fileRef = D32A507D1F3C603A00C3ADD0 /* icmp.h */; };
		D32A51261F3C603A00C3ADD0 /* icmp6.h in Headers */ = {isa = PBXBuildFile; fileRef = D32A507E1F3C603A00C3ADD0 /* icmp6.h */; };
		D32A51271F3C603A00C3ADD0 /* igmp.h in Headers */ = {isa = PBXBuildFile; fileRef = D32A507F1F3C603A00C3ADD0 /* igmp.h */; };
		D32A51281F3C603A00C3ADD0 /* ip.h in Headers */ = {isa = PBXBuildFile; fileRef = D32A50801F3C603A00C3ADD0 /* ip.h */; };
		D32A51291F3C603A00C3ADD0 /* ip4.h in Headers */ = {isa = PBXBuildFile; fileRef = D32A50811F3C603A00C3ADD0 /* ip4.h */; };
		D32A512A1F3C603A00C3ADD0 /* ip6.h in Headers */ = {isa = PBXBuildFile; fileRef = D32A50821F3C603A00C3ADD0 /* ip6.h */; };
		D32A512B1F3C603A00C3ADD0 /* mld6.h in Headers */ = {isa = PBXBuildFile; fileRef = D32A50831F3C603A00C3ADD0 /* mld6.h */; };
		D32A512C1F3C603A00C3ADD0 /* nd6.h in Headers */ = {isa = PBXBuildFile; fileRef = D32A50841F3C603A00C3ADD0 /* nd6.h */; };
		D32A512D1F3C603A00C3ADD0 /* tcp.h in Headers */ = {isa = PBXBuildFile; fileRef = D32A50851F3C603A00C3ADD0 /* tcp.h */; };
		D32A512E1F3C603A00C3ADD0 /* udp.h in Headers */ = {isa = PBXBuildFile; fileRef = D32A50861F3C603A00C3ADD0 /* udp.h */; };
		D32A51311F3C603A00C3ADD0 /* snmp.h in Headers */ = {isa = PBXBuildFile; fileRef = D32A50891F3C603A00C3ADD0 /* snmp.h */; };
		D32A51331F3C603A00C3ADD0 /* stats.h in Headers */ = {isa = PBXBuildFile; fileRef = D32A508B1F3C603A00C3ADD0 /* stats.h */; };
		D32A51341F3C603A00C3ADD0 /* sys.h in Headers */ = {isa = PBXBuildFile; fileRef = D32A508C1F3C603A00C3ADD0 /* sys.h */; };
		D32A51351F3C603A00C3ADD0 /* tcp.h in Headers */ = {isa = PBXBuildFile; fileRef = D32A508D1F3C603A00C3ADD0 /* tcp.h */; };
		D32A51371F3C603A00C3ADD0 /* timeouts.h in Headers */ = {isa = PBXBuildFile; fileRef = D32A508F1F3C603A00C3ADD0 /* timeouts.h */; };
		D32A51381F3C603A00C3ADD0 /* udp.h in Headers */ = {isa = PBXBuildFile; fileRef = D32A50901F3C603A00C3ADD0 /* udp.h */; };
		D32A51391F3C603A00C3ADD0 /* etharp.h in Headers */ = {isa = PBXBuildFile; fileRef = D32A50921F3C603A00C3ADD0 /* etharp.h */; };
		D32A513A1F3C603A00C3ADD0 /* ethernet.h in Headers */ = {isa = PBXBuildFile; fileRef = D32A50931F3C603A00C3ADD0 /* ethernet.h */; };
		D32A513B1F3C603A00C3ADD0 /* lowpan6.h in Headers */ = {isa = PBXBuildFile; fileRef = D32A50941F3C603A00C3ADD0 /* lowpan6.h */; };
		D32A513C1F3C603A00C3ADD0 /* lowpan6_opts.h in Headers */ = {isa = PBXBuildFile; fileRef = D32A50951F3C603A00C3ADD0 /* lowpan6_opts.h */; };
		D32A515E1F3C603A00C3ADD0 /* lwipopts.h in Headers */ = {isa = PBXBuildFile; fileRef = D32A50BB1F3C603A00C3ADD0 /* lwipopts.h */; };
		D36528381F3D54C7002D1155 /* ZPPacketTunnel.h in Headers */ = {isa = PBXBuildFile; fileRef = D36528361F3D54C7002D1155 /* ZPPacketTunnel.h */; settings = {ATTRIBUTES = (Public, ); }; };
		D36528391F3D54C7002D1155 /* ZPPacketTunnel.m in Sources */ = {isa = PBXBuildFile; fileRef = D36528371F3D54C7002D1155 /* ZPPacketTunnel.m */; };
		D365283B1F3D551F002D1155 /* ZPPacketTunnelEx.h in Headers */ = {isa = PBXBuildFile; fileRef = D365283A1F3D551F002D1155 /* ZPPacketTunnelEx.h */; };
		D365283E1F3D556A002D1155 /* ZPTCPConnection.h in Headers */ = {isa = PBXBuildFile; fileRef = D365283C1F3D556A002D1155 /* ZPTCPConnection.h */; settings = {ATTRIBUTES = (Public, ); }; };
		D365283F1F3D556A002D1155 /* ZPTCPConnection.m in Sources */ = {isa = PBXBuildFile; fileRef = D365283D1F3D556A002D1155 /* ZPTCPConnection.m */; };
		D36528411F3D5578002D1155 /* ZPTCPConnectionEx.h in Headers */ = {isa = PBXBuildFile; fileRef = D36528401F3D5578002D1155 /* ZPTCPConnectionEx.h */; };
		D36528431F3D55E4002D1155 /* lwIP.h in Headers */ = {isa = PBXBuildFile; fileRef = D36528421F3D55E4002D1155 /* lwIP.h */; };
/* End PBXBuildFile section */

/* Begin PBXFileReference section */
		D32A4FFF1F3C5E0400C3ADD0 /* ZPTCPIPStack.framework */ = {isa = PBXFileReference; explicitFileType = wrapper.framework; includeInIndex = 0; path = ZPTCPIPStack.framework; sourceTree = BUILT_PRODUCTS_DIR; };
		D32A50021F3C5E0400C3ADD0 /* ZPTCPIPStack.h */ = {isa = PBXFileReference; lastKnownFileType = sourcecode.c.h; path = ZPTCPIPStack.h; sourceTree = "<group>"; };
		D32A50031F3C5E0400C3ADD0 /* Info.plist */ = {isa = PBXFileReference; lastKnownFileType = text.plist.xml; path = Info.plist; sourceTree = "<group>"; };
		D32A500C1F3C603A00C3ADD0 /* def.c */ = {isa = PBXFileReference; fileEncoding = 4; lastKnownFileType = sourcecode.c.c; path = def.c; sourceTree = "<group>"; };
		D32A500E1F3C603A00C3ADD0 /* inet_chksum.c */ = {isa = PBXFileReference; fileEncoding = 4; lastKnownFileType = sourcecode.c.c; path = inet_chksum.c; sourceTree = "<group>"; };
		D32A500F1F3C603A00C3ADD0 /* init.c */ = {isa = PBXFileReference; fileEncoding = 4; lastKnownFileType = sourcecode.c.c; path = init.c; sourceTree = "<group>"; };
		D32A50101F3C603A00C3ADD0 /* ip.c */ = {isa = PBXFileReference; fileEncoding = 4; lastKnownFileType = sourcecode.c.c; path = ip.c; sourceTree = "<group>"; };
		D32A50121F3C603A00C3ADD0 /* autoip.c */ = {isa = PBXFileReference; fileEncoding = 4; lastKnownFileType = sourcecode.c.c; path = autoip.c; sourceTree = "<group>"; };
		D32A50131F3C603A00C3ADD0 /* dhcp.c */ = {isa = PBXFileReference; fileEncoding = 4; lastKnownFileType = sourcecode.c.c; path = dhcp.c; sourceTree = "<group>"; };
		D32A50141F3C603A00C3ADD0 /* etharp.c */ = {isa = PBXFileReference; fileEncoding = 4; lastKnownFileType = sourcecode.c.c; path = etharp.c; sourceTree = "<group>"; };
		D32A50151F3C603A00C3ADD0 /* icmp.c */ = {isa = PBXFileReference; fileEncoding = 4; lastKnownFileType = sourcecode.c.c; path = icmp.c; sourceTree = "<group>"; };
		D32A50161F3C603A00C3ADD0 /* igmp.c */ = {isa = PBXFileReference; fileEncoding = 4; lastKnownFileType = sourcecode.c.c; path = igmp.c; sourceTree = "<group>"; };
		D32A50171F3C603A00C3ADD0 /* ip4.c */ = {isa = PBXFileReference; fileEncoding = 4; lastKnownFileType = sourcecode.c.c; path = ip4.c; sourceTree = "<group>"; };
		D32A50181F3C603A00C3ADD0 /* ip4_addr.c */ = {isa = PBXFileReference; fileEncoding = 4; lastKnownFileType = sourcecode.c.c; path = ip4_addr.c; sourceTree = "<group>"; };
		D32A50191F3C603A00C3ADD0 /* ip4_frag.c */ = {isa = PBXFileReference; fileEncoding = 4; lastKnownFileType = sourcecode.c.c; path = ip4_frag.c; sourceTree = "<group>"; };
		D32A501B1F3C603A00C3ADD0 /* dhcp6.c */ = {isa = PBXFileReference; fileEncoding = 4; lastKnownFileType = sourcecode.c.c; path = dhcp6.c; sourceTree = "<group>"; };
		D32A501C1F3C603A00C3ADD0 /* ethip6.c */ = {isa = PBXFileReference; fileEncoding = 4; lastKnownFileType = sourcecode.c.c; path = ethip6.c; sourceTree = "<group>"; };
		D32A501D1F3C603A00C3ADD0 /* icmp6.c */ = {isa = PBXFileReference; fileEncoding = 4; lastKnownFileType = sourcecode.c.c; path = icmp6.c; sourceTree = "<group>"; };
		D32A501E1F3C603A00C3ADD0 /* inet6.c */ = {isa = PBXFileReference; fileEncoding = 4; lastKnownFileType = sourcecode.c.c; path = inet6.c; sourceTree = "<group>"; };
		D32A501F1F3C603A00C3ADD0 /* ip6.c */ = {isa = PBXFileReference; fileEncoding = 4; lastKnownFileType = sourcecode.c.c; path = ip6.c; sourceTree = "<group>"; };
		D32A50201F3C603A00C3ADD0 /* ip6_addr.c */ = {isa = PBXFileReference; fileEncoding = 4; lastKnownFileType = sourcecode.c.c; path = ip6_addr.c; sourceTree = "<group>"; };
		D32A50211F3C603A00C3ADD0 /* ip6_frag.c */ = {isa = PBXFileReference; fileEncoding = 4; lastKnownFileType = sourcecode.c.c; path = ip6_frag.c; sourceTree = "<group>"; };
		D32A50221F3C603A00C3ADD0 /* mld6.c */ = {isa = PBXFileReference; fileEncoding = 4; lastKnownFileType = sourcecode.c.c; path = mld6.c; sourceTree = "<group>"; };
		D32A50231F3C603A00C3ADD0 /* nd6.c */ = {isa = PBXFileReference; fileEncoding = 4; lastKnownFileType = sourcecode.c.c; path = nd6.c; sourceTree = "<group>"; };
		D32A50241F3C603A00C3ADD0 /* mem.c */ = {isa = PBXFileReference; fileEncoding = 4; lastKnownFileType = sourcecode.c.c; path = mem.c; sourceTree = "<group>"; };
		D32A50251F3C603A00C3ADD0 /* memp.c */ = {isa = PBXFileReference; fileEncoding = 4; lastKnownFileType = sourcecode.c.c; path = memp.c; sourceTree = "<group>"; };
		D32A50261F3C603A00C3ADD0 /* netif.c */ = {isa = PBXFileReference; fileEncoding = 4; lastKnownFileType = sourcecode.c.c; path = netif.c; sourceTree = "<group>"; };
		D32A50271F3C603A00C3ADD0 /* pbuf.c */ = {isa = PBXFileReference; fileEncoding = 4; lastKnownFileType = sourcecode.c.c; path = pbuf.c; sourceTree = "<group>"; };
		D32A50291F3C603A00C3ADD0 /* stats.c */ = {isa = PBXFileReference; fileEncoding = 4; lastKnownFileType = sourcecode.c.c; path = stats.c; sourceTree = "<group>"; };
		D32A502A1F3C603A00C3ADD0 /* sys.c */ = {isa = PBXFileReference; fileEncoding = 4; lastKnownFileType = sourcecode.c.c; path = sys.c; sourceTree = "<group>"; };
		D32A502B1F3C603A00C3ADD0 /* tcp.c */ = {isa = PBXFileReference; fileEncoding = 4; lastKnownFileType = sourcecode.c.c; path = tcp.c; sourceTree = "<group>"; };
		D32A502C1F3C603A00C3ADD0 /* tcp_in.c */ = {isa = PBXFileReference; fileEncoding = 4; lastKnownFileType = sourcecode.c.c; path = tcp_in.c; sourceTree = "<group>"; };
		D32A502D1F3C603A00C3ADD0 /* tcp_out.c */ = {isa = PBXFileReference; fileEncoding = 4; lastKnownFileType = sourcecode.c.c; path = tcp_out.c; sourceTree = "<group>"; };
		D32A502E1F3C603A00C3ADD0 /* timeouts.c */ = {isa = PBXFileReference; fileEncoding = 4; lastKnownFileType = sourcecode.c.c; path = timeouts.c; sourceTree = "<group>"; };
		D32A502F1F3C603A00C3ADD0 /* udp.c */ = {isa = PBXFileReference; fileEncoding = 4; lastKnownFileType = sourcecode.c.c; path = udp.c; sourceTree = "<group>"; };
		D32A50321F3C603A00C3ADD0 /* cc.h */ = {isa = PBXFileReference; fileEncoding = 4; lastKnownFileType = sourcecode.c.h; path = cc.h; sourceTree = "<group>"; };
		D32A50361F3C603A00C3ADD0 /* fs.h */ = {isa = PBXFileReference; fileEncoding = 4; lastKnownFileType = sourcecode.c.h; path = fs.h; sourceTree = "<group>"; };
		D32A50371F3C603A00C3ADD0 /* httpd.h */ = {isa = PBXFileReference; fileEncoding = 4; lastKnownFileType = sourcecode.c.h; path = httpd.h; sourceTree = "<group>"; };
		D32A50381F3C603A00C3ADD0 /* httpd_opts.h */ = {isa = PBXFileReference; fileEncoding = 4; lastKnownFileType = sourcecode.c.h; path = httpd_opts.h; sourceTree = "<group>"; };
		D32A50391F3C603A00C3ADD0 /* lwiperf.h */ = {isa = PBXFileReference; fileEncoding = 4; lastKnownFileType = sourcecode.c.h; path = lwiperf.h; sourceTree = "<group>"; };
		D32A503A1F3C603A00C3ADD0 /* mdns.h */ = {isa = PBXFileReference; fileEncoding = 4; lastKnownFileType = sourcecode.c.h; path = mdns.h; sourceTree = "<group>"; };
		D32A503B1F3C603A00C3ADD0 /* mdns_opts.h */ = {isa = PBXFileReference; fileEncoding = 4; lastKnownFileType = sourcecode.c.h; path = mdns_opts.h; sourceTree = "<group>"; };
		D32A503C1F3C603A00C3ADD0 /* mdns_priv.h */ = {isa = PBXFileReference; fileEncoding = 4; lastKnownFileType = sourcecode.c.h; path = mdns_priv.h; sourceTree = "<group>"; };
		D32A503D1F3C603A00C3ADD0 /* mqtt.h */ = {isa = PBXFileReference; fileEncoding = 4; lastKnownFileType = sourcecode.c.h; path = mqtt.h; sourceTree = "<group>"; };
		D32A503E1F3C603A00C3ADD0 /* mqtt_opts.h */ = {isa = PBXFileReference; fileEncoding = 4; lastKnownFileType = sourcecode.c.h; path = mqtt_opts.h; sourceTree = "<group>"; };
		D32A503F1F3C603A00C3ADD0 /* netbiosns.h */ = {isa = PBXFileReference; fileEncoding = 4; lastKnownFileType = sourcecode.c.h; path = netbiosns.h; sourceTree = "<group>"; };
		D32A50401F3C603A00C3ADD0 /* netbiosns_opts.h */ = {isa = PBXFileReference; fileEncoding = 4; lastKnownFileType = sourcecode.c.h; path = netbiosns_opts.h; sourceTree = "<group>"; };
		D32A50411F3C603A00C3ADD0 /* snmp.h */ = {isa = PBXFileReference; fileEncoding = 4; lastKnownFileType = sourcecode.c.h; path = snmp.h; sourceTree = "<group>"; };
		D32A50421F3C603A00C3ADD0 /* snmp_core.h */ = {isa = PBXFileReference; fileEncoding = 4; lastKnownFileType = sourcecode.c.h; path = snmp_core.h; sourceTree = "<group>"; };
		D32A50431F3C603A00C3ADD0 /* snmp_mib2.h */ = {isa = PBXFileReference; fileEncoding = 4; lastKnownFileType = sourcecode.c.h; path = snmp_mib2.h; sourceTree = "<group>"; };
		D32A50441F3C603A00C3ADD0 /* snmp_opts.h */ = {isa = PBXFileReference; fileEncoding = 4; lastKnownFileType = sourcecode.c.h; path = snmp_opts.h; sourceTree = "<group>"; };
		D32A50451F3C603A00C3ADD0 /* snmp_scalar.h */ = {isa = PBXFileReference; fileEncoding = 4; lastKnownFileType = sourcecode.c.h; path = snmp_scalar.h; sourceTree = "<group>"; };
		D32A50461F3C603A00C3ADD0 /* snmp_table.h */ = {isa = PBXFileReference; fileEncoding = 4; lastKnownFileType = sourcecode.c.h; path = snmp_table.h; sourceTree = "<group>"; };
		D32A50471F3C603A00C3ADD0 /* snmp_threadsync.h */ = {isa = PBXFileReference; fileEncoding = 4; lastKnownFileType = sourcecode.c.h; path = snmp_threadsync.h; sourceTree = "<group>"; };
		D32A50481F3C603A00C3ADD0 /* snmpv3.h */ = {isa = PBXFileReference; fileEncoding = 4; lastKnownFileType = sourcecode.c.h; path = snmpv3.h; sourceTree = "<group>"; };
		D32A50491F3C603A00C3ADD0 /* sntp.h */ = {isa = PBXFileReference; fileEncoding = 4; lastKnownFileType = sourcecode.c.h; path = sntp.h; sourceTree = "<group>"; };
		D32A504A1F3C603A00C3ADD0 /* sntp_opts.h */ = {isa = PBXFileReference; fileEncoding = 4; lastKnownFileType = sourcecode.c.h; path = sntp_opts.h; sourceTree = "<group>"; };
		D32A504B1F3C603A00C3ADD0 /* tftp_opts.h */ = {isa = PBXFileReference; fileEncoding = 4; lastKnownFileType = sourcecode.c.h; path = tftp_opts.h; sourceTree = "<group>"; };
		D32A504C1F3C603A00C3ADD0 /* tftp_server.h */ = {isa = PBXFileReference; fileEncoding = 4; lastKnownFileType = sourcecode.c.h; path = tftp_server.h; sourceTree = "<group>"; };
		D32A504D1F3C603A00C3ADD0 /* arch.h */ = {isa = PBXFileReference; fileEncoding = 4; lastKnownFileType = sourcecode.c.h; path = arch.h; sourceTree = "<group>"; };
		D32A504E1F3C603A00C3ADD0 /* autoip.h */ = {isa = PBXFileReference; fileEncoding = 4; lastKnownFileType = sourcecode.c.h; path = autoip.h; sourceTree = "<group>"; };
		D32A504F1F3C603A00C3ADD0 /* debug.h */ = {isa = PBXFileReference; fileEncoding = 4; lastKnownFileType = sourcecode.c.h; path = debug.h; sourceTree = "<group>"; };
		D32A50501F3C603A00C3ADD0 /* def.h */ = {isa = PBXFileReference; fileEncoding = 4; lastKnownFileType = sourcecode.c.h; path = def.h; sourceTree = "<group>"; };
		D32A50511F3C603A00C3ADD0 /* dhcp.h */ = {isa = PBXFileReference; fileEncoding = 4; lastKnownFileType = sourcecode.c.h; path = dhcp.h; sourceTree = "<group>"; };
		D32A50521F3C603A00C3ADD0 /* dhcp6.h */ = {isa = PBXFileReference; fileEncoding = 4; lastKnownFileType = sourcecode.c.h; path = dhcp6.h; sourceTree = "<group>"; };
		D32A50541F3C603A00C3ADD0 /* err.h */ = {isa = PBXFileReference; fileEncoding = 4; lastKnownFileType = sourcecode.c.h; path = err.h; sourceTree = "<group>"; };
		D32A50551F3C603A00C3ADD0 /* errno.h */ = {isa = PBXFileReference; fileEncoding = 4; lastKnownFileType = sourcecode.c.h; path = errno.h; sourceTree = "<group>"; };
		D32A50561F3C603A00C3ADD0 /* etharp.h */ = {isa = PBXFileReference; fileEncoding = 4; lastKnownFileType = sourcecode.c.h; path = etharp.h; sourceTree = "<group>"; };
		D32A50571F3C603A00C3ADD0 /* ethip6.h */ = {isa = PBXFileReference; fileEncoding = 4; lastKnownFileType = sourcecode.c.h; path = ethip6.h; sourceTree = "<group>"; };
		D32A50581F3C603A00C3ADD0 /* icmp.h */ = {isa = PBXFileReference; fileEncoding = 4; lastKnownFileType = sourcecode.c.h; path = icmp.h; sourceTree = "<group>"; };
		D32A50591F3C603A00C3ADD0 /* icmp6.h */ = {isa = PBXFileReference; fileEncoding = 4; lastKnownFileType = sourcecode.c.h; path = icmp6.h; sourceTree = "<group>"; };
		D32A505A1F3C603A00C3ADD0 /* igmp.h */ = {isa = PBXFileReference; fileEncoding = 4; lastKnownFileType = sourcecode.c.h; path = igmp.h; sourceTree = "<group>"; };
		D32A505B1F3C603A00C3ADD0 /* inet.h */ = {isa = PBXFileReference; fileEncoding = 4; lastKnownFileType = sourcecode.c.h; path = inet.h; sourceTree = "<group>"; };
		D32A505C1F3C603A00C3ADD0 /* inet_chksum.h */ = {isa = PBXFileReference; fileEncoding = 4; lastKnownFileType = sourcecode.c.h; path = inet_chksum.h; sourceTree = "<group>"; };
		D32A505D1F3C603A00C3ADD0 /* init.h */ = {isa = PBXFileReference; fileEncoding = 4; lastKnownFileType = sourcecode.c.h; path = init.h; sourceTree = "<group>"; };
		D32A505E1F3C603A00C3ADD0 /* ip.h */ = {isa = PBXFileReference; fileEncoding = 4; lastKnownFileType = sourcecode.c.h; path = ip.h; sourceTree = "<group>"; };
		D32A505F1F3C603A00C3ADD0 /* ip4.h */ = {isa = PBXFileReference; fileEncoding = 4; lastKnownFileType = sourcecode.c.h; path = ip4.h; sourceTree = "<group>"; };
		D32A50601F3C603A00C3ADD0 /* ip4_addr.h */ = {isa = PBXFileReference; fileEncoding = 4; lastKnownFileType = sourcecode.c.h; path = ip4_addr.h; sourceTree = "<group>"; };
		D32A50611F3C603A00C3ADD0 /* ip4_frag.h */ = {isa = PBXFileReference; fileEncoding = 4; lastKnownFileType = sourcecode.c.h; path = ip4_frag.h; sourceTree = "<group>"; };
		D32A50621F3C603A00C3ADD0 /* ip6.h */ = {isa = PBXFileReference; fileEncoding = 4; lastKnownFileType = sourcecode.c.h; path = ip6.h; sourceTree = "<group>"; };
		D32A50631F3C603A00C3ADD0 /* ip6_addr.h */ = {isa = PBXFileReference; fileEncoding = 4; lastKnownFileType = sourcecode.c.h; path = ip6_addr.h; sourceTree = "<group>"; };
		D32A50641F3C603A00C3ADD0 /* ip6_frag.h */ = {isa = PBXFileReference; fileEncoding = 4; lastKnownFileType = sourcecode.c.h; path = ip6_frag.h; sourceTree = "<group>"; };
		D32A50651F3C603A00C3ADD0 /* ip_addr.h */ = {isa = PBXFileReference; fileEncoding = 4; lastKnownFileType = sourcecode.c.h; path = ip_addr.h; sourceTree = "<group>"; };
		D32A50661F3C603A00C3ADD0 /* mem.h */ = {isa = PBXFileReference; fileEncoding = 4; lastKnownFileType = sourcecode.c.h; path = mem.h; sourceTree = "<group>"; };
		D32A50671F3C603A00C3ADD0 /* memp.h */ = {isa = PBXFileReference; fileEncoding = 4; lastKnownFileType = sourcecode.c.h; path = memp.h; sourceTree = "<group>"; };
		D32A50681F3C603A00C3ADD0 /* mld6.h */ = {isa = PBXFileReference; fileEncoding = 4; lastKnownFileType = sourcecode.c.h; path = mld6.h; sourceTree = "<group>"; };
		D32A50691F3C603A00C3ADD0 /* nd6.h */ = {isa = PBXFileReference; fileEncoding = 4; lastKnownFileType = sourcecode.c.h; path = nd6.h; sourceTree = "<group>"; };
		D32A506C1F3C603A00C3ADD0 /* netif.h */ = {isa = PBXFileReference; fileEncoding = 4; lastKnownFileType = sourcecode.c.h; path = netif.h; sourceTree = "<group>"; };
		D32A506E1F3C603A00C3ADD0 /* opt.h */ = {isa = PBXFileReference; fileEncoding = 4; lastKnownFileType = sourcecode.c.h; path = opt.h; sourceTree = "<group>"; };
		D32A506F1F3C603A00C3ADD0 /* pbuf.h */ = {isa = PBXFileReference; fileEncoding = 4; lastKnownFileType = sourcecode.c.h; path = pbuf.h; sourceTree = "<group>"; };
		D32A50721F3C603A00C3ADD0 /* memp_priv.h */ = {isa = PBXFileReference; fileEncoding = 4; lastKnownFileType = sourcecode.c.h; path = memp_priv.h; sourceTree = "<group>"; };
		D32A50731F3C603A00C3ADD0 /* memp_std.h */ = {isa = PBXFileReference; fileEncoding = 4; lastKnownFileType = sourcecode.c.h; path = memp_std.h; sourceTree = "<group>"; };
		D32A50741F3C603A00C3ADD0 /* nd6_priv.h */ = {isa = PBXFileReference; fileEncoding = 4; lastKnownFileType = sourcecode.c.h; path = nd6_priv.h; sourceTree = "<group>"; };
		D32A50751F3C603A00C3ADD0 /* tcp_priv.h */ = {isa = PBXFileReference; fileEncoding = 4; lastKnownFileType = sourcecode.c.h; path = tcp_priv.h; sourceTree = "<group>"; };
		D32A50781F3C603A00C3ADD0 /* autoip.h */ = {isa = PBXFileReference; fileEncoding = 4; lastKnownFileType = sourcecode.c.h; path = autoip.h; sourceTree = "<group>"; };
		D32A50791F3C603A00C3ADD0 /* dhcp.h */ = {isa = PBXFileReference; fileEncoding = 4; lastKnownFileType = sourcecode.c.h; path = dhcp.h; sourceTree = "<group>"; };
		D32A507B1F3C603A00C3ADD0 /* etharp.h */ = {isa = PBXFileReference; fileEncoding = 4; lastKnownFileType = sourcecode.c.h; path = etharp.h; sourceTree = "<group>"; };
		D32A507C1F3C603A00C3ADD0 /* ethernet.h */ = {isa = PBXFileReference; fileEncoding = 4; lastKnownFileType = sourcecode.c.h; path = ethernet.h; sourceTree = "<group>"; };
		D32A507D1F3C603A00C3ADD0 /* icmp.h */ = {isa = PBXFileReference; fileEncoding = 4; lastKnownFileType = sourcecode.c.h; path = icmp.h; sourceTree = "<group>"; };
		D32A507E1F3C603A00C3ADD0 /* icmp6.h */ = {isa = PBXFileReference; fileEncoding = 4; lastKnownFileType = sourcecode.c.h; path = icmp6.h; sourceTree = "<group>"; };
		D32A507F1F3C603A00C3ADD0 /* igmp.h */ = {isa = PBXFileReference; fileEncoding = 4; lastKnownFileType = sourcecode.c.h; path = igmp.h; sourceTree = "<group>"; };
		D32A50801F3C603A00C3ADD0 /* ip.h */ = {isa = PBXFileReference; fileEncoding = 4; lastKnownFileType = sourcecode.c.h; path = ip.h; sourceTree = "<group>"; };
		D32A50811F3C603A00C3ADD0 /* ip4.h */ = {isa = PBXFileReference; fileEncoding = 4; lastKnownFileType = sourcecode.c.h; path = ip4.h; sourceTree = "<group>"; };
		D32A50821F3C603A00C3ADD0 /* ip6.h */ = {isa = PBXFileReference; fileEncoding = 4; lastKnownFileType = sourcecode.c.h; path = ip6.h; sourceTree = "<group>"; };
		D32A50831F3C603A00C3ADD0 /* mld6.h */ = {isa = PBXFileReference; fileEncoding = 4; lastKnownFileType = sourcecode.c.h; path = mld6.h; sourceTree = "<group>"; };
		D32A50841F3C603A00C3ADD0 /* nd6.h */ = {isa = PBXFileReference; fileEncoding = 4; lastKnownFileType = sourcecode.c.h; path = nd6.h; sourceTree = "<group>"; };
		D32A50851F3C603A00C3ADD0 /* tcp.h */ = {isa = PBXFileReference; fileEncoding = 4; lastKnownFileType = sourcecode.c.h; path = tcp.h; sourceTree = "<group>"; };
		D32A50861F3C603A00C3ADD0 /* udp.h */ = {isa = PBXFileReference; fileEncoding = 4; lastKnownFileType = sourcecode.c.h; path = udp.h; sourceTree = "<group>"; };
		D32A50891F3C603A00C3ADD0 /* snmp.h */ = {isa = PBXFileReference; fileEncoding = 4; lastKnownFileType = sourcecode.c.h; path = snmp.h; sourceTree = "<group>"; };
		D32A508B1F3C603A00C3ADD0 /* stats.h */ = {isa = PBXFileReference; fileEncoding = 4; lastKnownFileType = sourcecode.c.h; path = stats.h; sourceTree = "<group>"; };
		D32A508C1F3C603A00C3ADD0 /* sys.h */ = {isa = PBXFileReference; fileEncoding = 4; lastKnownFileType = sourcecode.c.h; path = sys.h; sourceTree = "<group>"; };
		D32A508D1F3C603A00C3ADD0 /* tcp.h */ = {isa = PBXFileReference; fileEncoding = 4; lastKnownFileType = sourcecode.c.h; path = tcp.h; sourceTree = "<group>"; };
		D32A508F1F3C603A00C3ADD0 /* timeouts.h */ = {isa = PBXFileReference; fileEncoding = 4; lastKnownFileType = sourcecode.c.h; path = timeouts.h; sourceTree = "<group>"; };
		D32A50901F3C603A00C3ADD0 /* udp.h */ = {isa = PBXFileReference; fileEncoding = 4; lastKnownFileType = sourcecode.c.h; path = udp.h; sourceTree = "<group>"; };
		D32A50921F3C603A00C3ADD0 /* etharp.h */ = {isa = PBXFileReference; fileEncoding = 4; lastKnownFileType = sourcecode.c.h; path = etharp.h; sourceTree = "<group>"; };
		D32A50931F3C603A00C3ADD0 /* ethernet.h */ = {isa = PBXFileReference; fileEncoding = 4; lastKnownFileType = sourcecode.c.h; path = ethernet.h; sourceTree = "<group>"; };
		D32A50941F3C603A00C3ADD0 /* lowpan6.h */ = {isa = PBXFileReference; fileEncoding = 4; lastKnownFileType = sourcecode.c.h; path = lowpan6.h; sourceTree = "<group>"; };
		D32A50951F3C603A00C3ADD0 /* lowpan6_opts.h */ = {isa = PBXFileReference; fileEncoding = 4; lastKnownFileType = sourcecode.c.h; path = lowpan6_opts.h; sourceTree = "<group>"; };
		D32A50BB1F3C603A00C3ADD0 /* lwipopts.h */ = {isa = PBXFileReference; fileEncoding = 4; lastKnownFileType = sourcecode.c.h; path = lwipopts.h; sourceTree = "<group>"; };
		D36528361F3D54C7002D1155 /* ZPPacketTunnel.h */ = {isa = PBXFileReference; fileEncoding = 4; lastKnownFileType = sourcecode.c.h; path = ZPPacketTunnel.h; sourceTree = "<group>"; };
		D36528371F3D54C7002D1155 /* ZPPacketTunnel.m */ = {isa = PBXFileReference; fileEncoding = 4; lastKnownFileType = sourcecode.c.objc; path = ZPPacketTunnel.m; sourceTree = "<group>"; };
		D365283A1F3D551F002D1155 /* ZPPacketTunnelEx.h */ = {isa = PBXFileReference; fileEncoding = 4; lastKnownFileType = sourcecode.c.h; path = ZPPacketTunnelEx.h; sourceTree = "<group>"; };
		D365283C1F3D556A002D1155 /* ZPTCPConnection.h */ = {isa = PBXFileReference; fileEncoding = 4; lastKnownFileType = sourcecode.c.h; path = ZPTCPConnection.h; sourceTree = "<group>"; };
		D365283D1F3D556A002D1155 /* ZPTCPConnection.m */ = {isa = PBXFileReference; fileEncoding = 4; lastKnownFileType = sourcecode.c.objc; lineEnding = 0; path = ZPTCPConnection.m; sourceTree = "<group>"; xcLanguageSpecificationIdentifier = xcode.lang.objc; };
		D36528401F3D5578002D1155 /* ZPTCPConnectionEx.h */ = {isa = PBXFileReference; fileEncoding = 4; lastKnownFileType = sourcecode.c.h; path = ZPTCPConnectionEx.h; sourceTree = "<group>"; };
		D36528421F3D55E4002D1155 /* lwIP.h */ = {isa = PBXFileReference; fileEncoding = 4; lastKnownFileType = sourcecode.c.h; path = lwIP.h; sourceTree = "<group>"; };
/* End PBXFileReference section */

/* Begin PBXFrameworksBuildPhase section */
		D32A4FFB1F3C5E0400C3ADD0 /* Frameworks */ = {
			isa = PBXFrameworksBuildPhase;
			buildActionMask = 2147483647;
			files = (
			);
			runOnlyForDeploymentPostprocessing = 0;
		};
/* End PBXFrameworksBuildPhase section */

/* Begin PBXGroup section */
		D32A4FF51F3C5E0400C3ADD0 = {
			isa = PBXGroup;
			children = (
				D32A50011F3C5E0400C3ADD0 /* ZPTCPIPStack */,
				D32A50001F3C5E0400C3ADD0 /* Products */,
			);
			sourceTree = "<group>";
		};
		D32A50001F3C5E0400C3ADD0 /* Products */ = {
			isa = PBXGroup;
			children = (
				D32A4FFF1F3C5E0400C3ADD0 /* ZPTCPIPStack.framework */,
			);
			name = Products;
			sourceTree = "<group>";
		};
		D32A50011F3C5E0400C3ADD0 /* ZPTCPIPStack */ = {
			isa = PBXGroup;
			children = (
				D32A50021F3C5E0400C3ADD0 /* ZPTCPIPStack.h */,
				D32A50031F3C5E0400C3ADD0 /* Info.plist */,
				D32A500A1F3C603A00C3ADD0 /* lwIP */,
				D36528351F3D529D002D1155 /* src */,
			);
			path = ZPTCPIPStack;
			sourceTree = "<group>";
		};
		D32A500A1F3C603A00C3ADD0 /* lwIP */ = {
			isa = PBXGroup;
			children = (
				D32A500B1F3C603A00C3ADD0 /* core */,
				D32A50301F3C603A00C3ADD0 /* include */,
				D32A50BB1F3C603A00C3ADD0 /* lwipopts.h */,
			);
			path = lwIP;
			sourceTree = "<group>";
		};
		D32A500B1F3C603A00C3ADD0 /* core */ = {
			isa = PBXGroup;
			children = (
				D32A500C1F3C603A00C3ADD0 /* def.c */,
				D32A500E1F3C603A00C3ADD0 /* inet_chksum.c */,
				D32A500F1F3C603A00C3ADD0 /* init.c */,
				D32A50101F3C603A00C3ADD0 /* ip.c */,
				D32A50111F3C603A00C3ADD0 /* ipv4 */,
				D32A501A1F3C603A00C3ADD0 /* ipv6 */,
				D32A50241F3C603A00C3ADD0 /* mem.c */,
				D32A50251F3C603A00C3ADD0 /* memp.c */,
				D32A50261F3C603A00C3ADD0 /* netif.c */,
				D32A50271F3C603A00C3ADD0 /* pbuf.c */,
				D32A50291F3C603A00C3ADD0 /* stats.c */,
				D32A502A1F3C603A00C3ADD0 /* sys.c */,
				D32A502B1F3C603A00C3ADD0 /* tcp.c */,
				D32A502C1F3C603A00C3ADD0 /* tcp_in.c */,
				D32A502D1F3C603A00C3ADD0 /* tcp_out.c */,
				D32A502E1F3C603A00C3ADD0 /* timeouts.c */,
				D32A502F1F3C603A00C3ADD0 /* udp.c */,
			);
			path = core;
			sourceTree = "<group>";
		};
		D32A50111F3C603A00C3ADD0 /* ipv4 */ = {
			isa = PBXGroup;
			children = (
				D32A50121F3C603A00C3ADD0 /* autoip.c */,
				D32A50131F3C603A00C3ADD0 /* dhcp.c */,
				D32A50141F3C603A00C3ADD0 /* etharp.c */,
				D32A50151F3C603A00C3ADD0 /* icmp.c */,
				D32A50161F3C603A00C3ADD0 /* igmp.c */,
				D32A50171F3C603A00C3ADD0 /* ip4.c */,
				D32A50181F3C603A00C3ADD0 /* ip4_addr.c */,
				D32A50191F3C603A00C3ADD0 /* ip4_frag.c */,
			);
			path = ipv4;
			sourceTree = "<group>";
		};
		D32A501A1F3C603A00C3ADD0 /* ipv6 */ = {
			isa = PBXGroup;
			children = (
				D32A501B1F3C603A00C3ADD0 /* dhcp6.c */,
				D32A501C1F3C603A00C3ADD0 /* ethip6.c */,
				D32A501D1F3C603A00C3ADD0 /* icmp6.c */,
				D32A501E1F3C603A00C3ADD0 /* inet6.c */,
				D32A501F1F3C603A00C3ADD0 /* ip6.c */,
				D32A50201F3C603A00C3ADD0 /* ip6_addr.c */,
				D32A50211F3C603A00C3ADD0 /* ip6_frag.c */,
				D32A50221F3C603A00C3ADD0 /* mld6.c */,
				D32A50231F3C603A00C3ADD0 /* nd6.c */,
			);
			path = ipv6;
			sourceTree = "<group>";
		};
		D32A50301F3C603A00C3ADD0 /* include */ = {
			isa = PBXGroup;
			children = (
				D32A50311F3C603A00C3ADD0 /* arch */,
				D32A50331F3C603A00C3ADD0 /* lwip */,
				D32A50911F3C603A00C3ADD0 /* netif */,
			);
			path = include;
			sourceTree = "<group>";
		};
		D32A50311F3C603A00C3ADD0 /* arch */ = {
			isa = PBXGroup;
			children = (
				D32A50321F3C603A00C3ADD0 /* cc.h */,
			);
			path = arch;
			sourceTree = "<group>";
		};
		D32A50331F3C603A00C3ADD0 /* lwip */ = {
			isa = PBXGroup;
			children = (
				D32A50351F3C603A00C3ADD0 /* apps */,
				D32A504D1F3C603A00C3ADD0 /* arch.h */,
				D32A504E1F3C603A00C3ADD0 /* autoip.h */,
				D32A504F1F3C603A00C3ADD0 /* debug.h */,
				D32A50501F3C603A00C3ADD0 /* def.h */,
				D32A50511F3C603A00C3ADD0 /* dhcp.h */,
				D32A50521F3C603A00C3ADD0 /* dhcp6.h */,
				D32A50541F3C603A00C3ADD0 /* err.h */,
				D32A50551F3C603A00C3ADD0 /* errno.h */,
				D32A50561F3C603A00C3ADD0 /* etharp.h */,
				D32A50571F3C603A00C3ADD0 /* ethip6.h */,
				D32A50581F3C603A00C3ADD0 /* icmp.h */,
				D32A50591F3C603A00C3ADD0 /* icmp6.h */,
				D32A505A1F3C603A00C3ADD0 /* igmp.h */,
				D32A505B1F3C603A00C3ADD0 /* inet.h */,
				D32A505C1F3C603A00C3ADD0 /* inet_chksum.h */,
				D32A505D1F3C603A00C3ADD0 /* init.h */,
				D32A505E1F3C603A00C3ADD0 /* ip.h */,
				D32A505F1F3C603A00C3ADD0 /* ip4.h */,
				D32A50601F3C603A00C3ADD0 /* ip4_addr.h */,
				D32A50611F3C603A00C3ADD0 /* ip4_frag.h */,
				D32A50621F3C603A00C3ADD0 /* ip6.h */,
				D32A50631F3C603A00C3ADD0 /* ip6_addr.h */,
				D32A50641F3C603A00C3ADD0 /* ip6_frag.h */,
				D32A50651F3C603A00C3ADD0 /* ip_addr.h */,
				D32A50661F3C603A00C3ADD0 /* mem.h */,
				D32A50671F3C603A00C3ADD0 /* memp.h */,
				D32A50681F3C603A00C3ADD0 /* mld6.h */,
				D32A50691F3C603A00C3ADD0 /* nd6.h */,
				D32A506C1F3C603A00C3ADD0 /* netif.h */,
				D32A506E1F3C603A00C3ADD0 /* opt.h */,
				D32A506F1F3C603A00C3ADD0 /* pbuf.h */,
				D32A50701F3C603A00C3ADD0 /* priv */,
				D32A50771F3C603A00C3ADD0 /* prot */,
				D32A50891F3C603A00C3ADD0 /* snmp.h */,
				D32A508B1F3C603A00C3ADD0 /* stats.h */,
				D32A508C1F3C603A00C3ADD0 /* sys.h */,
				D32A508D1F3C603A00C3ADD0 /* tcp.h */,
				D32A508F1F3C603A00C3ADD0 /* timeouts.h */,
				D32A50901F3C603A00C3ADD0 /* udp.h */,
			);
			path = lwip;
			sourceTree = "<group>";
		};
		D32A50351F3C603A00C3ADD0 /* apps */ = {
			isa = PBXGroup;
			children = (
				D32A50361F3C603A00C3ADD0 /* fs.h */,
				D32A50371F3C603A00C3ADD0 /* httpd.h */,
				D32A50381F3C603A00C3ADD0 /* httpd_opts.h */,
				D32A50391F3C603A00C3ADD0 /* lwiperf.h */,
				D32A503A1F3C603A00C3ADD0 /* mdns.h */,
				D32A503B1F3C603A00C3ADD0 /* mdns_opts.h */,
				D32A503C1F3C603A00C3ADD0 /* mdns_priv.h */,
				D32A503D1F3C603A00C3ADD0 /* mqtt.h */,
				D32A503E1F3C603A00C3ADD0 /* mqtt_opts.h */,
				D32A503F1F3C603A00C3ADD0 /* netbiosns.h */,
				D32A50401F3C603A00C3ADD0 /* netbiosns_opts.h */,
				D32A50411F3C603A00C3ADD0 /* snmp.h */,
				D32A50421F3C603A00C3ADD0 /* snmp_core.h */,
				D32A50431F3C603A00C3ADD0 /* snmp_mib2.h */,
				D32A50441F3C603A00C3ADD0 /* snmp_opts.h */,
				D32A50451F3C603A00C3ADD0 /* snmp_scalar.h */,
				D32A50461F3C603A00C3ADD0 /* snmp_table.h */,
				D32A50471F3C603A00C3ADD0 /* snmp_threadsync.h */,
				D32A50481F3C603A00C3ADD0 /* snmpv3.h */,
				D32A50491F3C603A00C3ADD0 /* sntp.h */,
				D32A504A1F3C603A00C3ADD0 /* sntp_opts.h */,
				D32A504B1F3C603A00C3ADD0 /* tftp_opts.h */,
				D32A504C1F3C603A00C3ADD0 /* tftp_server.h */,
			);
			path = apps;
			sourceTree = "<group>";
		};
		D32A50701F3C603A00C3ADD0 /* priv */ = {
			isa = PBXGroup;
			children = (
				D32A50721F3C603A00C3ADD0 /* memp_priv.h */,
				D32A50731F3C603A00C3ADD0 /* memp_std.h */,
				D32A50741F3C603A00C3ADD0 /* nd6_priv.h */,
				D32A50751F3C603A00C3ADD0 /* tcp_priv.h */,
			);
			path = priv;
			sourceTree = "<group>";
		};
		D32A50771F3C603A00C3ADD0 /* prot */ = {
			isa = PBXGroup;
			children = (
				D32A50781F3C603A00C3ADD0 /* autoip.h */,
				D32A50791F3C603A00C3ADD0 /* dhcp.h */,
				D32A507B1F3C603A00C3ADD0 /* etharp.h */,
				D32A507C1F3C603A00C3ADD0 /* ethernet.h */,
				D32A507D1F3C603A00C3ADD0 /* icmp.h */,
				D32A507E1F3C603A00C3ADD0 /* icmp6.h */,
				D32A507F1F3C603A00C3ADD0 /* igmp.h */,
				D32A50801F3C603A00C3ADD0 /* ip.h */,
				D32A50811F3C603A00C3ADD0 /* ip4.h */,
				D32A50821F3C603A00C3ADD0 /* ip6.h */,
				D32A50831F3C603A00C3ADD0 /* mld6.h */,
				D32A50841F3C603A00C3ADD0 /* nd6.h */,
				D32A50851F3C603A00C3ADD0 /* tcp.h */,
				D32A50861F3C603A00C3ADD0 /* udp.h */,
			);
			path = prot;
			sourceTree = "<group>";
		};
		D32A50911F3C603A00C3ADD0 /* netif */ = {
			isa = PBXGroup;
			children = (
				D32A50921F3C603A00C3ADD0 /* etharp.h */,
				D32A50931F3C603A00C3ADD0 /* ethernet.h */,
				D32A50941F3C603A00C3ADD0 /* lowpan6.h */,
				D32A50951F3C603A00C3ADD0 /* lowpan6_opts.h */,
			);
			path = netif;
			sourceTree = "<group>";
		};
		D36528351F3D529D002D1155 /* src */ = {
			isa = PBXGroup;
			children = (
				D36528421F3D55E4002D1155 /* lwIP.h */,
				D36528361F3D54C7002D1155 /* ZPPacketTunnel.h */,
				D365283A1F3D551F002D1155 /* ZPPacketTunnelEx.h */,
				D36528371F3D54C7002D1155 /* ZPPacketTunnel.m */,
				D365283C1F3D556A002D1155 /* ZPTCPConnection.h */,
				D36528401F3D5578002D1155 /* ZPTCPConnectionEx.h */,
				D365283D1F3D556A002D1155 /* ZPTCPConnection.m */,
			);
			name = src;
			sourceTree = "<group>";
		};
/* End PBXGroup section */

/* Begin PBXHeadersBuildPhase section */
		D32A4FFC1F3C5E0400C3ADD0 /* Headers */ = {
			isa = PBXHeadersBuildPhase;
			buildActionMask = 2147483647;
			files = (
				D32A50F31F3C603A00C3ADD0 /* sntp.h in Headers */,
				D32A51001F3C603A00C3ADD0 /* etharp.h in Headers */,
				D32A50FE1F3C603A00C3ADD0 /* err.h in Headers */,
				D32A50E81F3C603A00C3ADD0 /* mqtt_opts.h in Headers */,
				D32A513B1F3C603A00C3ADD0 /* lowpan6.h in Headers */,
				D32A51181F3C603A00C3ADD0 /* opt.h in Headers */,
				D32A510B1F3C603A00C3ADD0 /* ip4_frag.h in Headers */,
				D32A51391F3C603A00C3ADD0 /* etharp.h in Headers */,
				D32A50FB1F3C603A00C3ADD0 /* dhcp.h in Headers */,
				D32A51191F3C603A00C3ADD0 /* pbuf.h in Headers */,
				D36528411F3D5578002D1155 /* ZPTCPConnectionEx.h in Headers */,
				D32A51271F3C603A00C3ADD0 /* igmp.h in Headers */,
				D32A51261F3C603A00C3ADD0 /* icmp6.h in Headers */,
				D32A510A1F3C603A00C3ADD0 /* ip4_addr.h in Headers */,
				D32A50E91F3C603A00C3ADD0 /* netbiosns.h in Headers */,
				D32A50F51F3C603A00C3ADD0 /* tftp_opts.h in Headers */,
				D32A511B1F3C603A00C3ADD0 /* memp_priv.h in Headers */,
				D32A51161F3C603A00C3ADD0 /* netif.h in Headers */,
				D32A51211F3C603A00C3ADD0 /* dhcp.h in Headers */,
				D32A51131F3C603A00C3ADD0 /* nd6.h in Headers */,
				D36528431F3D55E4002D1155 /* lwIP.h in Headers */,
				D32A50ED1F3C603A00C3ADD0 /* snmp_mib2.h in Headers */,
				D32A50FA1F3C603A00C3ADD0 /* def.h in Headers */,
				D32A50E21F3C603A00C3ADD0 /* httpd_opts.h in Headers */,
				D32A51101F3C603A00C3ADD0 /* mem.h in Headers */,
				D32A51031F3C603A00C3ADD0 /* icmp6.h in Headers */,
				D32A50F91F3C603A00C3ADD0 /* debug.h in Headers */,
				D32A51051F3C603A00C3ADD0 /* inet.h in Headers */,
				D32A51091F3C603A00C3ADD0 /* ip4.h in Headers */,
				D32A50E71F3C603A00C3ADD0 /* mqtt.h in Headers */,
				D32A51351F3C603A00C3ADD0 /* tcp.h in Headers */,
				D32A50EE1F3C603A00C3ADD0 /* snmp_opts.h in Headers */,
				D32A50F61F3C603A00C3ADD0 /* tftp_server.h in Headers */,
				D32A511E1F3C603A00C3ADD0 /* tcp_priv.h in Headers */,
				D32A50F11F3C603A00C3ADD0 /* snmp_threadsync.h in Headers */,
				D32A512E1F3C603A00C3ADD0 /* udp.h in Headers */,
				D32A51111F3C603A00C3ADD0 /* memp.h in Headers */,
				D32A50DE1F3C603A00C3ADD0 /* cc.h in Headers */,
				D32A50F81F3C603A00C3ADD0 /* autoip.h in Headers */,
				D32A513A1F3C603A00C3ADD0 /* ethernet.h in Headers */,
				D32A51231F3C603A00C3ADD0 /* etharp.h in Headers */,
				D32A515E1F3C603A00C3ADD0 /* lwipopts.h in Headers */,
				D32A50041F3C5E0400C3ADD0 /* ZPTCPIPStack.h in Headers */,
				D32A50F71F3C603A00C3ADD0 /* arch.h in Headers */,
				D32A51281F3C603A00C3ADD0 /* ip.h in Headers */,
				D32A510F1F3C603A00C3ADD0 /* ip_addr.h in Headers */,
				D32A51061F3C603A00C3ADD0 /* inet_chksum.h in Headers */,
				D32A512D1F3C603A00C3ADD0 /* tcp.h in Headers */,
				D32A51241F3C603A00C3ADD0 /* ethernet.h in Headers */,
				D32A50FC1F3C603A00C3ADD0 /* dhcp6.h in Headers */,
				D365283E1F3D556A002D1155 /* ZPTCPConnection.h in Headers */,
				D32A50F41F3C603A00C3ADD0 /* sntp_opts.h in Headers */,
				D32A50EC1F3C603A00C3ADD0 /* snmp_core.h in Headers */,
				D32A510E1F3C603A00C3ADD0 /* ip6_frag.h in Headers */,
				D32A51311F3C603A00C3ADD0 /* snmp.h in Headers */,
				D32A51041F3C603A00C3ADD0 /* igmp.h in Headers */,
				D32A510D1F3C603A00C3ADD0 /* ip6_addr.h in Headers */,
				D32A50F21F3C603A00C3ADD0 /* snmpv3.h in Headers */,
				D32A50E01F3C603A00C3ADD0 /* fs.h in Headers */,
				D32A512C1F3C603A00C3ADD0 /* nd6.h in Headers */,
				D32A51251F3C603A00C3ADD0 /* icmp.h in Headers */,
				D32A50F01F3C603A00C3ADD0 /* snmp_table.h in Headers */,
				D32A51081F3C603A00C3ADD0 /* ip.h in Headers */,
				D32A512A1F3C603A00C3ADD0 /* ip6.h in Headers */,
				D32A50E31F3C603A00C3ADD0 /* lwiperf.h in Headers */,
				D32A51201F3C603A00C3ADD0 /* autoip.h in Headers */,
				D365283B1F3D551F002D1155 /* ZPPacketTunnelEx.h in Headers */,
				D32A50E41F3C603A00C3ADD0 /* mdns.h in Headers */,
				D32A51371F3C603A00C3ADD0 /* timeouts.h in Headers */,
				D32A512B1F3C603A00C3ADD0 /* mld6.h in Headers */,
				D32A50EB1F3C603A00C3ADD0 /* snmp.h in Headers */,
				D32A51341F3C603A00C3ADD0 /* sys.h in Headers */,
				D32A50E61F3C603A00C3ADD0 /* mdns_priv.h in Headers */,
				D32A51071F3C603A00C3ADD0 /* init.h in Headers */,
				D32A50EF1F3C603A00C3ADD0 /* snmp_scalar.h in Headers */,
				D32A50E51F3C603A00C3ADD0 /* mdns_opts.h in Headers */,
				D32A51381F3C603A00C3ADD0 /* udp.h in Headers */,
				D32A513C1F3C603A00C3ADD0 /* lowpan6_opts.h in Headers */,
				D32A510C1F3C603A00C3ADD0 /* ip6.h in Headers */,
				D32A511D1F3C603A00C3ADD0 /* nd6_priv.h in Headers */,
				D32A51291F3C603A00C3ADD0 /* ip4.h in Headers */,
				D32A51021F3C603A00C3ADD0 /* icmp.h in Headers */,
				D32A511C1F3C603A00C3ADD0 /* memp_std.h in Headers */,
				D32A51121F3C603A00C3ADD0 /* mld6.h in Headers */,
				D36528381F3D54C7002D1155 /* ZPPacketTunnel.h in Headers */,
				D32A51331F3C603A00C3ADD0 /* stats.h in Headers */,
				D32A51011F3C603A00C3ADD0 /* ethip6.h in Headers */,
				D32A50EA1F3C603A00C3ADD0 /* netbiosns_opts.h in Headers */,
				D32A50E11F3C603A00C3ADD0 /* httpd.h in Headers */,
				D32A50FF1F3C603A00C3ADD0 /* errno.h in Headers */,
			);
			runOnlyForDeploymentPostprocessing = 0;
		};
/* End PBXHeadersBuildPhase section */

/* Begin PBXNativeTarget section */
		D32A4FFE1F3C5E0400C3ADD0 /* ZPTCPIPStack */ = {
			isa = PBXNativeTarget;
			buildConfigurationList = D32A50071F3C5E0400C3ADD0 /* Build configuration list for PBXNativeTarget "ZPTCPIPStack" */;
			buildPhases = (
				D32A4FFA1F3C5E0400C3ADD0 /* Sources */,
				D32A4FFB1F3C5E0400C3ADD0 /* Frameworks */,
				D32A4FFC1F3C5E0400C3ADD0 /* Headers */,
				D32A4FFD1F3C5E0400C3ADD0 /* Resources */,
			);
			buildRules = (
			);
			dependencies = (
			);
			name = ZPTCPIPStack;
			productName = ZPTCPIPStack;
			productReference = D32A4FFF1F3C5E0400C3ADD0 /* ZPTCPIPStack.framework */;
			productType = "com.apple.product-type.framework";
		};
/* End PBXNativeTarget section */

/* Begin PBXProject section */
		D32A4FF61F3C5E0400C3ADD0 /* Project object */ = {
			isa = PBXProject;
			attributes = {
				LastUpgradeCheck = 0830;
				ORGANIZATIONNAME = zapcannon87;
				TargetAttributes = {
					D32A4FFE1F3C5E0400C3ADD0 = {
						CreatedOnToolsVersion = 8.3.3;
						DevelopmentTeam = 7SAYZHVU5H;
						ProvisioningStyle = Automatic;
					};
				};
			};
			buildConfigurationList = D32A4FF91F3C5E0400C3ADD0 /* Build configuration list for PBXProject "ZPTCPIPStack" */;
			compatibilityVersion = "Xcode 3.2";
			developmentRegion = English;
			hasScannedForEncodings = 0;
			knownRegions = (
				en,
			);
			mainGroup = D32A4FF51F3C5E0400C3ADD0;
			productRefGroup = D32A50001F3C5E0400C3ADD0 /* Products */;
			projectDirPath = "";
			projectRoot = "";
			targets = (
				D32A4FFE1F3C5E0400C3ADD0 /* ZPTCPIPStack */,
			);
		};
/* End PBXProject section */

/* Begin PBXResourcesBuildPhase section */
		D32A4FFD1F3C5E0400C3ADD0 /* Resources */ = {
			isa = PBXResourcesBuildPhase;
			buildActionMask = 2147483647;
			files = (
			);
			runOnlyForDeploymentPostprocessing = 0;
		};
/* End PBXResourcesBuildPhase section */

/* Begin PBXSourcesBuildPhase section */
		D32A4FFA1F3C5E0400C3ADD0 /* Sources */ = {
			isa = PBXSourcesBuildPhase;
			buildActionMask = 2147483647;
			files = (
				D32A50D51F3C603A00C3ADD0 /* pbuf.c in Sources */,
				D32A50D11F3C603A00C3ADD0 /* nd6.c in Sources */,
				D32A50C61F3C603A00C3ADD0 /* ip4.c in Sources */,
				D32A50C51F3C603A00C3ADD0 /* igmp.c in Sources */,
				D32A50C71F3C603A00C3ADD0 /* ip4_addr.c in Sources */,
				D32A50C81F3C603A00C3ADD0 /* ip4_frag.c in Sources */,
				D32A50DD1F3C603A00C3ADD0 /* udp.c in Sources */,
				D32A50D71F3C603A00C3ADD0 /* stats.c in Sources */,
				D32A50BC1F3C603A00C3ADD0 /* def.c in Sources */,
				D32A50D31F3C603A00C3ADD0 /* memp.c in Sources */,
				D32A50DC1F3C603A00C3ADD0 /* timeouts.c in Sources */,
				D32A50CF1F3C603A00C3ADD0 /* ip6_frag.c in Sources */,
				D32A50D41F3C603A00C3ADD0 /* netif.c in Sources */,
				D32A50C21F3C603A00C3ADD0 /* dhcp.c in Sources */,
				D32A50CE1F3C603A00C3ADD0 /* ip6_addr.c in Sources */,
				D32A50C11F3C603A00C3ADD0 /* autoip.c in Sources */,
				D32A50CB1F3C603A00C3ADD0 /* icmp6.c in Sources */,
				D32A50D81F3C603A00C3ADD0 /* sys.c in Sources */,
				D32A50C91F3C603A00C3ADD0 /* dhcp6.c in Sources */,
				D365283F1F3D556A002D1155 /* ZPTCPConnection.m in Sources */,
				D32A50DA1F3C603A00C3ADD0 /* tcp_in.c in Sources */,
				D32A50CC1F3C603A00C3ADD0 /* inet6.c in Sources */,
				D32A50CA1F3C603A00C3ADD0 /* ethip6.c in Sources */,
				D32A50D91F3C603A00C3ADD0 /* tcp.c in Sources */,
				D32A50D21F3C603A00C3ADD0 /* mem.c in Sources */,
				D32A50DB1F3C603A00C3ADD0 /* tcp_out.c in Sources */,
				D32A50BE1F3C603A00C3ADD0 /* inet_chksum.c in Sources */,
				D32A50C31F3C603A00C3ADD0 /* etharp.c in Sources */,
				D32A50C01F3C603A00C3ADD0 /* ip.c in Sources */,
				D36528391F3D54C7002D1155 /* ZPPacketTunnel.m in Sources */,
				D32A50CD1F3C603A00C3ADD0 /* ip6.c in Sources */,
				D32A50D01F3C603A00C3ADD0 /* mld6.c in Sources */,
				D32A50C41F3C603A00C3ADD0 /* icmp.c in Sources */,
				D32A50BF1F3C603A00C3ADD0 /* init.c in Sources */,
			);
			runOnlyForDeploymentPostprocessing = 0;
		};
/* End PBXSourcesBuildPhase section */

/* Begin XCBuildConfiguration section */
		D32A50051F3C5E0400C3ADD0 /* Debug */ = {
			isa = XCBuildConfiguration;
			buildSettings = {
				ALWAYS_SEARCH_USER_PATHS = NO;
				CLANG_ANALYZER_NONNULL = YES;
				CLANG_ANALYZER_NUMBER_OBJECT_CONVERSION = YES_AGGRESSIVE;
				CLANG_CXX_LANGUAGE_STANDARD = "gnu++0x";
				CLANG_CXX_LIBRARY = "libc++";
				CLANG_ENABLE_MODULES = YES;
				CLANG_ENABLE_OBJC_ARC = YES;
				CLANG_WARN_BOOL_CONVERSION = YES;
				CLANG_WARN_CONSTANT_CONVERSION = YES;
				CLANG_WARN_DIRECT_OBJC_ISA_USAGE = YES_ERROR;
				CLANG_WARN_DOCUMENTATION_COMMENTS = YES;
				CLANG_WARN_EMPTY_BODY = YES;
				CLANG_WARN_ENUM_CONVERSION = YES;
				CLANG_WARN_INFINITE_RECURSION = YES;
				CLANG_WARN_INT_CONVERSION = YES;
				CLANG_WARN_OBJC_ROOT_CLASS = YES_ERROR;
				CLANG_WARN_SUSPICIOUS_MOVE = YES;
				CLANG_WARN_UNREACHABLE_CODE = YES;
				CLANG_WARN__DUPLICATE_METHOD_MATCH = YES;
				"CODE_SIGN_IDENTITY[sdk=iphoneos*]" = "iPhone Developer";
				COPY_PHASE_STRIP = NO;
				CURRENT_PROJECT_VERSION = 1;
				DEBUG_INFORMATION_FORMAT = dwarf;
				ENABLE_STRICT_OBJC_MSGSEND = YES;
				ENABLE_TESTABILITY = YES;
				GCC_C_LANGUAGE_STANDARD = gnu99;
				GCC_DYNAMIC_NO_PIC = NO;
				GCC_NO_COMMON_BLOCKS = YES;
				GCC_OPTIMIZATION_LEVEL = 0;
				GCC_PREPROCESSOR_DEFINITIONS = (
					"DEBUG=1",
					"$(inherited)",
				);
				GCC_WARN_64_TO_32_BIT_CONVERSION = YES;
				GCC_WARN_ABOUT_RETURN_TYPE = YES_ERROR;
				GCC_WARN_UNDECLARED_SELECTOR = YES;
				GCC_WARN_UNINITIALIZED_AUTOS = YES_AGGRESSIVE;
				GCC_WARN_UNUSED_FUNCTION = YES;
				GCC_WARN_UNUSED_VARIABLE = YES;
				IPHONEOS_DEPLOYMENT_TARGET = 10.3;
				MTL_ENABLE_DEBUG_INFO = YES;
				ONLY_ACTIVE_ARCH = YES;
				SDKROOT = iphoneos;
				TARGETED_DEVICE_FAMILY = "1,2";
				VERSIONING_SYSTEM = "apple-generic";
				VERSION_INFO_PREFIX = "";
			};
			name = Debug;
		};
		D32A50061F3C5E0400C3ADD0 /* Release */ = {
			isa = XCBuildConfiguration;
			buildSettings = {
				ALWAYS_SEARCH_USER_PATHS = NO;
				CLANG_ANALYZER_NONNULL = YES;
				CLANG_ANALYZER_NUMBER_OBJECT_CONVERSION = YES_AGGRESSIVE;
				CLANG_CXX_LANGUAGE_STANDARD = "gnu++0x";
				CLANG_CXX_LIBRARY = "libc++";
				CLANG_ENABLE_MODULES = YES;
				CLANG_ENABLE_OBJC_ARC = YES;
				CLANG_WARN_BOOL_CONVERSION = YES;
				CLANG_WARN_CONSTANT_CONVERSION = YES;
				CLANG_WARN_DIRECT_OBJC_ISA_USAGE = YES_ERROR;
				CLANG_WARN_DOCUMENTATION_COMMENTS = YES;
				CLANG_WARN_EMPTY_BODY = YES;
				CLANG_WARN_ENUM_CONVERSION = YES;
				CLANG_WARN_INFINITE_RECURSION = YES;
				CLANG_WARN_INT_CONVERSION = YES;
				CLANG_WARN_OBJC_ROOT_CLASS = YES_ERROR;
				CLANG_WARN_SUSPICIOUS_MOVE = YES;
				CLANG_WARN_UNREACHABLE_CODE = YES;
				CLANG_WARN__DUPLICATE_METHOD_MATCH = YES;
				"CODE_SIGN_IDENTITY[sdk=iphoneos*]" = "iPhone Developer";
				COPY_PHASE_STRIP = NO;
				CURRENT_PROJECT_VERSION = 1;
				DEBUG_INFORMATION_FORMAT = "dwarf-with-dsym";
				ENABLE_NS_ASSERTIONS = NO;
				ENABLE_STRICT_OBJC_MSGSEND = YES;
				GCC_C_LANGUAGE_STANDARD = gnu99;
				GCC_NO_COMMON_BLOCKS = YES;
				GCC_WARN_64_TO_32_BIT_CONVERSION = YES;
				GCC_WARN_ABOUT_RETURN_TYPE = YES_ERROR;
				GCC_WARN_UNDECLARED_SELECTOR = YES;
				GCC_WARN_UNINITIALIZED_AUTOS = YES_AGGRESSIVE;
				GCC_WARN_UNUSED_FUNCTION = YES;
				GCC_WARN_UNUSED_VARIABLE = YES;
				IPHONEOS_DEPLOYMENT_TARGET = 10.3;
				MTL_ENABLE_DEBUG_INFO = NO;
				SDKROOT = iphoneos;
				TARGETED_DEVICE_FAMILY = "1,2";
				VALIDATE_PRODUCT = YES;
				VERSIONING_SYSTEM = "apple-generic";
				VERSION_INFO_PREFIX = "";
			};
			name = Release;
		};
		D32A50081F3C5E0400C3ADD0 /* Debug */ = {
			isa = XCBuildConfiguration;
			buildSettings = {
				APPLICATION_EXTENSION_API_ONLY = YES;
				CODE_SIGN_IDENTITY = "";
				DEFINES_MODULE = YES;
				DEVELOPMENT_TEAM = 7SAYZHVU5H;
				DYLIB_COMPATIBILITY_VERSION = 1;
				DYLIB_CURRENT_VERSION = 1;
				DYLIB_INSTALL_NAME_BASE = "@rpath";
				INFOPLIST_FILE = ZPTCPIPStack/Info.plist;
				INSTALL_PATH = "$(LOCAL_LIBRARY_DIR)/Frameworks";
				LD_RUNPATH_SEARCH_PATHS = "$(inherited) @executable_path/Frameworks @loader_path/Frameworks";
				PRODUCT_BUNDLE_IDENTIFIER = zapcannon87.ZPTCPIPStack;
				PRODUCT_NAME = "$(TARGET_NAME)";
				SKIP_INSTALL = YES;
				USER_HEADER_SEARCH_PATHS = "$(PROJECT_DIR)/ZPTCPIPStack/lwIP/include";
			};
			name = Debug;
		};
		D32A50091F3C5E0400C3ADD0 /* Release */ = {
			isa = XCBuildConfiguration;
			buildSettings = {
				APPLICATION_EXTENSION_API_ONLY = YES;
				CODE_SIGN_IDENTITY = "";
				DEFINES_MODULE = YES;
				DEVELOPMENT_TEAM = 7SAYZHVU5H;
				DYLIB_COMPATIBILITY_VERSION = 1;
				DYLIB_CURRENT_VERSION = 1;
				DYLIB_INSTALL_NAME_BASE = "@rpath";
				INFOPLIST_FILE = ZPTCPIPStack/Info.plist;
				INSTALL_PATH = "$(LOCAL_LIBRARY_DIR)/Frameworks";
				LD_RUNPATH_SEARCH_PATHS = "$(inherited) @executable_path/Frameworks @loader_path/Frameworks";
				PRODUCT_BUNDLE_IDENTIFIER = zapcannon87.ZPTCPIPStack;
				PRODUCT_NAME = "$(TARGET_NAME)";
				SKIP_INSTALL = YES;
				USER_HEADER_SEARCH_PATHS = "$(PROJECT_DIR)/ZPTCPIPStack/lwIP/include";
			};
			name = Release;
		};
/* End XCBuildConfiguration section */

/* Begin XCConfigurationList section */
		D32A4FF91F3C5E0400C3ADD0 /* Build configuration list for PBXProject "ZPTCPIPStack" */ = {
			isa = XCConfigurationList;
			buildConfigurations = (
				D32A50051F3C5E0400C3ADD0 /* Debug */,
				D32A50061F3C5E0400C3ADD0 /* Release */,
			);
			defaultConfigurationIsVisible = 0;
			defaultConfigurationName = Release;
		};
		D32A50071F3C5E0400C3ADD0 /* Build configuration list for PBXNativeTarget "ZPTCPIPStack" */ = {
			isa = XCConfigurationList;
			buildConfigurations = (
				D32A50081F3C5E0400C3ADD0 /* Debug */,
				D32A50091F3C5E0400C3ADD0 /* Release */,
			);
			defaultConfigurationIsVisible = 0;
			defaultConfigurationName = Release;
		};
/* End XCConfigurationList section */
	};
	rootObject = D32A4FF61F3C5E0400C3ADD0 /* Project object */;
}
